
Microsoft Visual Studio Solution File, Format Version 12.00
# Visual Studio Version 17
VisualStudioVersion = 17.9.34714.143
MinimumVisualStudioVersion = 10.0.40219.1
Project("{2150E333-8FDC-42A3-9474-1A3956D46DE8}") = "Services", "Services", "{1DC19052-DCC7-4BDF-BF3B-860585C257A4}"
EndProject
Project("{2150E333-8FDC-42A3-9474-1A3956D46DE8}") = "Auth", "Auth", "{B151455C-9603-4CEE-9ED2-2F65995639E8}"
EndProject
Project("{9A19103F-16F7-4668-BE54-9A1E7A4F7556}") = "Auth.Api", "Services\Auth\Auth.Api\Auth.Api.csproj", "{03EF95FF-27E0-4D0E-BF0C-AA598C58A062}"
EndProject
Project("{9A19103F-16F7-4668-BE54-9A1E7A4F7556}") = "DAL", "Services\Auth\DAL\DAL.csproj", "{E918DAC5-291F-468C-B663-DFE9592EF6B1}"
EndProject
Project("{2150E333-8FDC-42A3-9474-1A3956D46DE8}") = "ApplicationCore", "ApplicationCore", "{ED02BB03-9C96-4EE3-873B-A9D8784FC446}"
EndProject
Project("{2150E333-8FDC-42A3-9474-1A3956D46DE8}") = "Common", "Common", "{945CC1EC-D52E-4A46-9215-4DAD6405DF2D}"
EndProject
Project("{9A19103F-16F7-4668-BE54-9A1E7A4F7556}") = "BAL", "Services\Auth\BAL\BAL.csproj", "{B13341BC-CC00-41D1-A4D7-16CB1BB20D92}"
EndProject
Project("{9A19103F-16F7-4668-BE54-9A1E7A4F7556}") = "JWTAuthentication", "ApplicationCore\Common\JWTAuthentication\JWTAuthentication.csproj", "{FE9DEFEE-DB0E-4E22-AC2F-B62515565A4E}"
EndProject
Project("{9A19103F-16F7-4668-BE54-9A1E7A4F7556}") = "AppCommonMethods", "ApplicationCore\Common\AppCommonMethods\AppCommonMethods.csproj", "{30D439F9-713D-46D6-ADB1-D50476D915D7}"
EndProject
Project("{9A19103F-16F7-4668-BE54-9A1E7A4F7556}") = "CommonExceptionHandler", "ApplicationCore\Common\CommonExceptionHandler\CommonExceptionHandler.csproj", "{667F0961-744A-4773-A6BA-EF719422C590}"
EndProject
Project("{9A19103F-16F7-4668-BE54-9A1E7A4F7556}") = "CommonDTOs", "ApplicationCore\Common\DTOs\CommonDTOs.csproj", "{D0B891AC-B409-42C4-AC35-D6764F680442}"
EndProject
Project("{9A19103F-16F7-4668-BE54-9A1E7A4F7556}") = "CommonMessages", "ApplicationCore\Common\CommonMessages\CommonMessages.csproj", "{094DE68C-DCEF-4097-B51B-B76A603F4432}"
EndProject
Project("{9A19103F-16F7-4668-BE54-9A1E7A4F7556}") = "EmailSender", "ApplicationCore\Common\EmailSender\EmailSender.csproj", "{A04149C4-AF8D-417F-8E0F-6DCA4BCF7FBB}"
EndProject
Project("{9A19103F-16F7-4668-BE54-9A1E7A4F7556}") = "FileHandler", "ApplicationCore\Common\FileHandler\FileHandler.csproj", "{539EC6D8-4194-4EBD-8FA9-66B6147ABCF7}"
EndProject
Project("{9A19103F-16F7-4668-BE54-9A1E7A4F7556}") = "SMSSender", "ApplicationCore\Common\SMSSender\SMSSender.csproj", "{DC86C821-8E5C-435F-8B6E-BB9493E4062A}"
EndProject
Global
	GlobalSection(SolutionConfigurationPlatforms) = preSolution
		Debug|Any CPU = Debug|Any CPU
		Release|Any CPU = Release|Any CPU
	EndGlobalSection
	GlobalSection(ProjectConfigurationPlatforms) = postSolution
		{03EF95FF-27E0-4D0E-BF0C-AA598C58A062}.Debug|Any CPU.ActiveCfg = Debug|Any CPU
		{03EF95FF-27E0-4D0E-BF0C-AA598C58A062}.Debug|Any CPU.Build.0 = Debug|Any CPU
		{03EF95FF-27E0-4D0E-BF0C-AA598C58A062}.Release|Any CPU.ActiveCfg = Release|Any CPU
		{03EF95FF-27E0-4D0E-BF0C-AA598C58A062}.Release|Any CPU.Build.0 = Release|Any CPU
		{E918DAC5-291F-468C-B663-DFE9592EF6B1}.Debug|Any CPU.ActiveCfg = Debug|Any CPU
		{E918DAC5-291F-468C-B663-DFE9592EF6B1}.Debug|Any CPU.Build.0 = Debug|Any CPU
		{E918DAC5-291F-468C-B663-DFE9592EF6B1}.Release|Any CPU.ActiveCfg = Release|Any CPU
		{E918DAC5-291F-468C-B663-DFE9592EF6B1}.Release|Any CPU.Build.0 = Release|Any CPU
		{B13341BC-CC00-41D1-A4D7-16CB1BB20D92}.Debug|Any CPU.ActiveCfg = Debug|Any CPU
		{B13341BC-CC00-41D1-A4D7-16CB1BB20D92}.Debug|Any CPU.Build.0 = Debug|Any CPU
		{B13341BC-CC00-41D1-A4D7-16CB1BB20D92}.Release|Any CPU.ActiveCfg = Release|Any CPU
		{B13341BC-CC00-41D1-A4D7-16CB1BB20D92}.Release|Any CPU.Build.0 = Release|Any CPU
		{FE9DEFEE-DB0E-4E22-AC2F-B62515565A4E}.Debug|Any CPU.ActiveCfg = Debug|Any CPU
		{FE9DEFEE-DB0E-4E22-AC2F-B62515565A4E}.Debug|Any CPU.Build.0 = Debug|Any CPU
		{FE9DEFEE-DB0E-4E22-AC2F-B62515565A4E}.Release|Any CPU.ActiveCfg = Release|Any CPU
		{FE9DEFEE-DB0E-4E22-AC2F-B62515565A4E}.Release|Any CPU.Build.0 = Release|Any CPU
		{30D439F9-713D-46D6-ADB1-D50476D915D7}.Debug|Any CPU.ActiveCfg = Debug|Any CPU
		{30D439F9-713D-46D6-ADB1-D50476D915D7}.Debug|Any CPU.Build.0 = Debug|Any CPU
		{30D439F9-713D-46D6-ADB1-D50476D915D7}.Release|Any CPU.ActiveCfg = Release|Any CPU
		{30D439F9-713D-46D6-ADB1-D50476D915D7}.Release|Any CPU.Build.0 = Release|Any CPU
		{667F0961-744A-4773-A6BA-EF719422C590}.Debug|Any CPU.ActiveCfg = Debug|Any CPU
		{667F0961-744A-4773-A6BA-EF719422C590}.Debug|Any CPU.Build.0 = Debug|Any CPU
		{667F0961-744A-4773-A6BA-EF719422C590}.Release|Any CPU.ActiveCfg = Release|Any CPU
		{667F0961-744A-4773-A6BA-EF719422C590}.Release|Any CPU.Build.0 = Release|Any CPU
		{D0B891AC-B409-42C4-AC35-D6764F680442}.Debug|Any CPU.ActiveCfg = Debug|Any CPU
		{D0B891AC-B409-42C4-AC35-D6764F680442}.Debug|Any CPU.Build.0 = Debug|Any CPU
		{D0B891AC-B409-42C4-AC35-D6764F680442}.Release|Any CPU.ActiveCfg = Release|Any CPU
		{D0B891AC-B409-42C4-AC35-D6764F680442}.Release|Any CPU.Build.0 = Release|Any CPU
		{094DE68C-DCEF-4097-B51B-B76A603F4432}.Debug|Any CPU.ActiveCfg = Debug|Any CPU
		{094DE68C-DCEF-4097-B51B-B76A603F4432}.Debug|Any CPU.Build.0 = Debug|Any CPU
		{094DE68C-DCEF-4097-B51B-B76A603F4432}.Release|Any CPU.ActiveCfg = Release|Any CPU
		{094DE68C-DCEF-4097-B51B-B76A603F4432}.Release|Any CPU.Build.0 = Release|Any CPU
		{A04149C4-AF8D-417F-8E0F-6DCA4BCF7FBB}.Debug|Any CPU.ActiveCfg = Debug|Any CPU
		{A04149C4-AF8D-417F-8E0F-6DCA4BCF7FBB}.Debug|Any CPU.Build.0 = Debug|Any CPU
		{A04149C4-AF8D-417F-8E0F-6DCA4BCF7FBB}.Release|Any CPU.ActiveCfg = Release|Any CPU
		{A04149C4-AF8D-417F-8E0F-6DCA4BCF7FBB}.Release|Any CPU.Build.0 = Release|Any CPU
		{539EC6D8-4194-4EBD-8FA9-66B6147ABCF7}.Debug|Any CPU.ActiveCfg = Debug|Any CPU
		{539EC6D8-4194-4EBD-8FA9-66B6147ABCF7}.Debug|Any CPU.Build.0 = Debug|Any CPU
		{539EC6D8-4194-4EBD-8FA9-66B6147ABCF7}.Release|Any CPU.ActiveCfg = Release|Any CPU
		{539EC6D8-4194-4EBD-8FA9-66B6147ABCF7}.Release|Any CPU.Build.0 = Release|Any CPU
		{DC86C821-8E5C-435F-8B6E-BB9493E4062A}.Debug|Any CPU.ActiveCfg = Debug|Any CPU
		{DC86C821-8E5C-435F-8B6E-BB9493E4062A}.Debug|Any CPU.Build.0 = Debug|Any CPU
		{DC86C821-8E5C-435F-8B6E-BB9493E4062A}.Release|Any CPU.ActiveCfg = Release|Any CPU
		{DC86C821-8E5C-435F-8B6E-BB9493E4062A}.Release|Any CPU.Build.0 = Release|Any CPU
	EndGlobalSection
	GlobalSection(SolutionProperties) = preSolution
		HideSolutionNode = FALSE
	EndGlobalSection
	GlobalSection(NestedProjects) = preSolution
		{B151455C-9603-4CEE-9ED2-2F65995639E8} = {1DC19052-DCC7-4BDF-BF3B-860585C257A4}
		{03EF95FF-27E0-4D0E-BF0C-AA598C58A062} = {B151455C-9603-4CEE-9ED2-2F65995639E8}
		{E918DAC5-291F-468C-B663-DFE9592EF6B1} = {B151455C-9603-4CEE-9ED2-2F65995639E8}
		{945CC1EC-D52E-4A46-9215-4DAD6405DF2D} = {ED02BB03-9C96-4EE3-873B-A9D8784FC446}
		{B13341BC-CC00-41D1-A4D7-16CB1BB20D92} = {B151455C-9603-4CEE-9ED2-2F65995639E8}
		{FE9DEFEE-DB0E-4E22-AC2F-B62515565A4E} = {945CC1EC-D52E-4A46-9215-4DAD6405DF2D}
		{30D439F9-713D-46D6-ADB1-D50476D915D7} = {945CC1EC-D52E-4A46-9215-4DAD6405DF2D}
		{667F0961-744A-4773-A6BA-EF719422C590} = {945CC1EC-D52E-4A46-9215-4DAD6405DF2D}
		{D0B891AC-B409-42C4-AC35-D6764F680442} = {945CC1EC-D52E-4A46-9215-4DAD6405DF2D}
		{094DE68C-DCEF-4097-B51B-B76A603F4432} = {945CC1EC-D52E-4A46-9215-4DAD6405DF2D}
		{A04149C4-AF8D-417F-8E0F-6DCA4BCF7FBB} = {945CC1EC-D52E-4A46-9215-4DAD6405DF2D}
		{539EC6D8-4194-4EBD-8FA9-66B6147ABCF7} = {945CC1EC-D52E-4A46-9215-4DAD6405DF2D}
		{DC86C821-8E5C-435F-8B6E-BB9493E4062A} = {945CC1EC-D52E-4A46-9215-4DAD6405DF2D}
	EndGlobalSection
	GlobalSection(ExtensibilityGlobals) = postSolution
		SolutionGuid = {076F47E1-8AC4-4412-A63D-AA0DD7F9E3C6}
	EndGlobalSection
EndGlobal
